Microsoft Visual Studio Solution File, Format Version 12.00
# Visual Studio 2013
VisualStudioVersion = 12.0.40629.0
MinimumVisualStudioVersion = 10.0.40219.1
Project("{FAE04EC0-301F-11D3-BF4B-00C04F79EFBC}") = "YumaPos.Tests.Load.Client", "YumaPos.Tests.Load.Test\YumaPos.Tests.Load.Client.csproj", "{5E41CCF6-CA91-46A1-838A-C5311354F7E7}"
	ProjectSection(ProjectDependencies) = postProject
		{9B4F0F82-A71E-4229-BE98-8DE861D559A9} = {9B4F0F82-A71E-4229-BE98-8DE861D559A9}
	EndProjectSection
EndProject
Project("{FAE04EC0-301F-11D3-BF4B-00C04F79EFBC}") = "YumaPos.Shared.Infrastructure", "Submodule.YumaPos.Shared\YumaPos.Shared.Infrastructure\YumaPos.Shared.Infrastructure.csproj", "{2BE0D1CE-DFA0-476B-A2B5-B16ED56610C4}"
EndProject
Project("{FAE04EC0-301F-11D3-BF4B-00C04F79EFBC}") = "YumaPos.Client.WCF", "Submodule.YumaPos.Shared\YumaPos.Client.WCF\YumaPos.Client.WCF.csproj", "{A562EDF2-7C9F-479D-B370-4DF6236301FF}"
EndProject
Project("{2150E333-8FDC-42A3-9474-1A3956D46DE8}") = ".nuget", ".nuget", "{9D4C32DA-981D-4C0E-A98A-3BD285F84B74}"
	ProjectSection(SolutionItems) = preProject
		.nuget\NuGet.Config = .nuget\NuGet.Config
		.nuget\NuGet.exe = .nuget\NuGet.exe
		.nuget\NuGet.targets = .nuget\NuGet.targets
	EndProjectSection
EndProject
Project("{2150E333-8FDC-42A3-9474-1A3956D46DE8}") = "Core", "Core", "{8C5B0D3C-81EB-48AA-8ADF-5A84F4B070BF}"
EndProject
Project("{FAE04EC0-301F-11D3-BF4B-00C04F79EFBC}") = "YumaPos.Common.Infrastructure", "Submodule.YumaPos.Shared\YumaPos.Common.Infrastructure\YumaPos.Common.Infrastructure.csproj", "{F14EDFE8-35D8-4E60-A321-1C0E729EBC38}"
EndProject
Project("{FAE04EC0-301F-11D3-BF4B-00C04F79EFBC}") = "YumaPos.FrontEnd.Infrastructure", "Submodule.YumaPos.Shared\YumaPos.FrontEnd.Infrastructure\YumaPos.FrontEnd.Infrastructure.csproj", "{8B25790F-00B2-4406-ADD4-6E13E8ACF3EE}"
EndProject
Project("{FAE04EC0-301F-11D3-BF4B-00C04F79EFBC}") = "YumaPos.Shared.Core", "Submodule.YumaPos.Shared\YumaPos.Shared.Core\YumaPos.Shared.Core.csproj", "{7534A74B-5C4E-4BB1-BB07-25976647E465}"
EndProject
Project("{FAE04EC0-301F-11D3-BF4B-00C04F79EFBC}") = "YumaPos.Tests.Load.Server", "YumaPos.Tests.Load.Server\YumaPos.Tests.Load.Server.csproj", "{9B4F0F82-A71E-4229-BE98-8DE861D559A9}"
EndProject
Project("{FAE04EC0-301F-11D3-BF4B-00C04F79EFBC}") = "YumaPos.Tests.Load.Infrastucture", "YumaPos.Tests.Load.Infrastucture\YumaPos.Tests.Load.Infrastucture.csproj", "{E2718F0F-700F-4CFA-8D2E-DCA33105EB2B}"
EndProject
Project("{FAE04EC0-301F-11D3-BF4B-00C04F79EFBC}") = "YumaPos.Tests.Load.Scenarios", "YumaPos.Tests.Load.Scenarios\YumaPos.Tests.Load.Scenarios.csproj", "{92307441-2AEC-43A2-A7B7-1B03AA25C533}"
EndProject
Project("{FAE04EC0-301F-11D3-BF4B-00C04F79EFBC}") = "YumaPos.Tests.Load.Client.Data", "YumaPos.Tests.Load.Data\YumaPos.Tests.Load.Client.Data.csproj", "{CC83D8D3-A110-4EAB-B738-2065732B8DE1}"
EndProject
Project("{FAE04EC0-301F-11D3-BF4B-00C04F79EFBC}") = "YumaPos.Common.Tools", "Submodule.YumaPos.Shared\YumaPos.Common.Tools\YumaPos.Common.Tools.csproj", "{27F89F4A-8AF5-4E61-8CF2-136388269B3D}"
EndProject
Project("{FAE04EC0-301F-11D3-BF4B-00C04F79EFBC}") = "YumaPos.Tests.Load.Server.Data", "YumaPos.Tests.Load.Server.Data\YumaPos.Tests.Load.Server.Data.csproj", "{942DB82A-C1D2-4F27-9030-372F8E927113}"
EndProject
Global
	GlobalSection(SolutionConfigurationPlatforms) = preSolution
		Debug|Any CPU = Debug|Any CPU
		Debug|x86 = Debug|x86
		Release|Any CPU = Release|Any CPU
		Release|x86 = Release|x86
	EndGlobalSection
	GlobalSection(ProjectConfigurationPlatforms) = postSolution
		{5E41CCF6-CA91-46A1-838A-C5311354F7E7}.Debug|Any CPU.ActiveCfg = Debug|Any CPU
		{5E41CCF6-CA91-46A1-838A-C5311354F7E7}.Debug|Any CPU.Build.0 = Debug|Any CPU
		{5E41CCF6-CA91-46A1-838A-C5311354F7E7}.Debug|x86.ActiveCfg = Debug|Any CPU
		{5E41CCF6-CA91-46A1-838A-C5311354F7E7}.Release|Any CPU.ActiveCfg = Release|Any CPU
		{5E41CCF6-CA91-46A1-838A-C5311354F7E7}.Release|Any CPU.Build.0 = Release|Any CPU
		{5E41CCF6-CA91-46A1-838A-C5311354F7E7}.Release|x86.ActiveCfg = Release|Any CPU
		{2BE0D1CE-DFA0-476B-A2B5-B16ED56610C4}.Debug|Any CPU.ActiveCfg = Debug|Any CPU
		{2BE0D1CE-DFA0-476B-A2B5-B16ED56610C4}.Debug|Any CPU.Build.0 = Debug|Any CPU
		{2BE0D1CE-DFA0-476B-A2B5-B16ED56610C4}.Debug|x86.ActiveCfg = Debug|Any CPU
		{2BE0D1CE-DFA0-476B-A2B5-B16ED56610C4}.Release|Any CPU.ActiveCfg = Release|Any CPU
		{2BE0D1CE-DFA0-476B-A2B5-B16ED56610C4}.Release|Any CPU.Build.0 = Release|Any CPU
		{2BE0D1CE-DFA0-476B-A2B5-B16ED56610C4}.Release|x86.ActiveCfg = Release|Any CPU
		{A562EDF2-7C9F-479D-B370-4DF6236301FF}.Debug|Any CPU.ActiveCfg = Debug|Any CPU
		{A562EDF2-7C9F-479D-B370-4DF6236301FF}.Debug|Any CPU.Build.0 = Debug|Any CPU
		{A562EDF2-7C9F-479D-B370-4DF6236301FF}.Debug|x86.ActiveCfg = Debug|Any CPU
		{A562EDF2-7C9F-479D-B370-4DF6236301FF}.Release|Any CPU.ActiveCfg = Release|Any CPU
		{A562EDF2-7C9F-479D-B370-4DF6236301FF}.Release|Any CPU.Build.0 = Release|Any CPU
		{A562EDF2-7C9F-479D-B370-4DF6236301FF}.Release|x86.ActiveCfg = Release|Any CPU
		{F14EDFE8-35D8-4E60-A321-1C0E729EBC38}.Debug|Any CPU.ActiveCfg = Debug|Any CPU
		{F14EDFE8-35D8-4E60-A321-1C0E729EBC38}.Debug|Any CPU.Build.0 = Debug|Any CPU
		{F14EDFE8-35D8-4E60-A321-1C0E729EBC38}.Debug|x86.ActiveCfg = Debug|Any CPU
		{F14EDFE8-35D8-4E60-A321-1C0E729EBC38}.Release|Any CPU.ActiveCfg = Release|Any CPU
		{F14EDFE8-35D8-4E60-A321-1C0E729EBC38}.Release|Any CPU.Build.0 = Release|Any CPU
		{F14EDFE8-35D8-4E60-A321-1C0E729EBC38}.Release|x86.ActiveCfg = Release|Any CPU
		{8B25790F-00B2-4406-ADD4-6E13E8ACF3EE}.Debug|Any CPU.ActiveCfg = Debug|Any CPU
		{8B25790F-00B2-4406-ADD4-6E13E8ACF3EE}.Debug|Any CPU.Build.0 = Debug|Any CPU
		{8B25790F-00B2-4406-ADD4-6E13E8ACF3EE}.Debug|x86.ActiveCfg = Debug|Any CPU
		{8B25790F-00B2-4406-ADD4-6E13E8ACF3EE}.Release|Any CPU.ActiveCfg = Release|Any CPU
		{8B25790F-00B2-4406-ADD4-6E13E8ACF3EE}.Release|Any CPU.Build.0 = Release|Any CPU
		{8B25790F-00B2-4406-ADD4-6E13E8ACF3EE}.Release|x86.ActiveCfg = Release|Any CPU
		{7534A74B-5C4E-4BB1-BB07-25976647E465}.Debug|Any CPU.ActiveCfg = Debug|Any CPU
		{7534A74B-5C4E-4BB1-BB07-25976647E465}.Debug|Any CPU.Build.0 = Debug|Any CPU
		{7534A74B-5C4E-4BB1-BB07-25976647E465}.Debug|x86.ActiveCfg = Debug|Any CPU
		{7534A74B-5C4E-4BB1-BB07-25976647E465}.Release|Any CPU.ActiveCfg = Release|Any CPU
		{7534A74B-5C4E-4BB1-BB07-25976647E465}.Release|Any CPU.Build.0 = Release|Any CPU
		{7534A74B-5C4E-4BB1-BB07-25976647E465}.Release|x86.ActiveCfg = Release|Any CPU
		{9B4F0F82-A71E-4229-BE98-8DE861D559A9}.Debug|Any CPU.ActiveCfg = Debug|Any CPU
		{9B4F0F82-A71E-4229-BE98-8DE861D559A9}.Debug|Any CPU.Build.0 = Debug|Any CPU
		{9B4F0F82-A71E-4229-BE98-8DE861D559A9}.Debug|x86.ActiveCfg = Debug|Any CPU
		{9B4F0F82-A71E-4229-BE98-8DE861D559A9}.Release|Any CPU.ActiveCfg = Release|Any CPU
		{9B4F0F82-A71E-4229-BE98-8DE861D559A9}.Release|Any CPU.Build.0 = Release|Any CPU
		{9B4F0F82-A71E-4229-BE98-8DE861D559A9}.Release|x86.ActiveCfg = Release|Any CPU
		{E2718F0F-700F-4CFA-8D2E-DCA33105EB2B}.Debug|Any CPU.ActiveCfg = Debug|Any CPU
		{E2718F0F-700F-4CFA-8D2E-DCA33105EB2B}.Debug|Any CPU.Build.0 = Debug|Any CPU
		{E2718F0F-700F-4CFA-8D2E-DCA33105EB2B}.Debug|x86.ActiveCfg = Debug|Any CPU
		{E2718F0F-700F-4CFA-8D2E-DCA33105EB2B}.Release|Any CPU.ActiveCfg = Release|Any CPU
		{E2718F0F-700F-4CFA-8D2E-DCA33105EB2B}.Release|Any CPU.Build.0 = Release|Any CPU
		{E2718F0F-700F-4CFA-8D2E-DCA33105EB2B}.Release|x86.ActiveCfg = Release|Any CPU
		{92307441-2AEC-43A2-A7B7-1B03AA25C533}.Debug|Any CPU.ActiveCfg = Debug|Any CPU
		{92307441-2AEC-43A2-A7B7-1B03AA25C533}.Debug|Any CPU.Build.0 = Debug|Any CPU
		{92307441-2AEC-43A2-A7B7-1B03AA25C533}.Debug|x86.ActiveCfg = Debug|Any CPU
		{92307441-2AEC-43A2-A7B7-1B03AA25C533}.Release|Any CPU.ActiveCfg = Release|Any CPU
		{92307441-2AEC-43A2-A7B7-1B03AA25C533}.Release|Any CPU.Build.0 = Release|Any CPU
		{92307441-2AEC-43A2-A7B7-1B03AA25C533}.Release|x86.ActiveCfg = Release|Any CPU
		{CC83D8D3-A110-4EAB-B738-2065732B8DE1}.Debug|Any CPU.ActiveCfg = Debug|Any CPU
		{CC83D8D3-A110-4EAB-B738-2065732B8DE1}.Debug|Any CPU.Build.0 = Debug|Any CPU
		{CC83D8D3-A110-4EAB-B738-2065732B8DE1}.Debug|x86.ActiveCfg = Debug|x86
		{CC83D8D3-A110-4EAB-B738-2065732B8DE1}.Debug|x86.Build.0 = Debug|x86
		{CC83D8D3-A110-4EAB-B738-2065732B8DE1}.Release|Any CPU.ActiveCfg = Release|Any CPU
		{CC83D8D3-A110-4EAB-B738-2065732B8DE1}.Release|Any CPU.Build.0 = Release|Any CPU
		{CC83D8D3-A110-4EAB-B738-2065732B8DE1}.Release|x86.ActiveCfg = Release|x86
		{CC83D8D3-A110-4EAB-B738-2065732B8DE1}.Release|x86.Build.0 = Release|x86
		{27F89F4A-8AF5-4E61-8CF2-136388269B3D}.Debug|Any CPU.ActiveCfg = Debug|Any CPU
		{27F89F4A-8AF5-4E61-8CF2-136388269B3D}.Debug|Any CPU.Build.0 = Debug|Any CPU
		{27F89F4A-8AF5-4E61-8CF2-136388269B3D}.Debug|x86.ActiveCfg = Debug|Any CPU
		{27F89F4A-8AF5-4E61-8CF2-136388269B3D}.Release|Any CPU.ActiveCfg = Release|Any CPU
		{27F89F4A-8AF5-4E61-8CF2-136388269B3D}.Release|Any CPU.Build.0 = Release|Any CPU
		{27F89F4A-8AF5-4E61-8CF2-136388269B3D}.Release|x86.ActiveCfg = Release|Any CPU
		{942DB82A-C1D2-4F27-9030-372F8E927113}.Debug|Any CPU.ActiveCfg = Debug|Any CPU
		{942DB82A-C1D2-4F27-9030-372F8E927113}.Debug|Any CPU.Build.0 = Debug|Any CPU
		{942DB82A-C1D2-4F27-9030-372F8E927113}.Debug|x86.ActiveCfg = Debug|Any CPU
		{942DB82A-C1D2-4F27-9030-372F8E927113}.Release|Any CPU.ActiveCfg = Release|Any CPU
		{942DB82A-C1D2-4F27-9030-372F8E927113}.Release|Any CPU.Build.0 = Release|Any CPU
		{942DB82A-C1D2-4F27-9030-372F8E927113}.Release|x86.ActiveCfg = Release|Any CPU
	EndGlobalSection
	GlobalSection(SolutionProperties) = preSolution
		HideSolutionNode = FALSE
	EndGlobalSection
	GlobalSection(NestedProjects) = preSolution
		{2BE0D1CE-DFA0-476B-A2B5-B16ED56610C4} = {8C5B0D3C-81EB-48AA-8ADF-5A84F4B070BF}
		{A562EDF2-7C9F-479D-B370-4DF6236301FF} = {8C5B0D3C-81EB-48AA-8ADF-5A84F4B070BF}
		{F14EDFE8-35D8-4E60-A321-1C0E729EBC38} = {8C5B0D3C-81EB-48AA-8ADF-5A84F4B070BF}
		{8B25790F-00B2-4406-ADD4-6E13E8ACF3EE} = {8C5B0D3C-81EB-48AA-8ADF-5A84F4B070BF}
		{7534A74B-5C4E-4BB1-BB07-25976647E465} = {8C5B0D3C-81EB-48AA-8ADF-5A84F4B070BF}
		{27F89F4A-8AF5-4E61-8CF2-136388269B3D} = {8C5B0D3C-81EB-48AA-8ADF-5A84F4B070BF}
	EndGlobalSection
EndGlobal
